schema: '2.0'
stages:
  data_ingestion:
    cmd: python src/cnnClassifier/pipeline/stage_01_data_ingestion.py
    deps:
    - path: config/config.yaml
      hash: md5
      md5: 5345f6836d423c9a8c64e0345ee13002
      size: 2415
    - path: src/cnnClassifier/pipeline/stage_01_data_ingestion.py
      hash: md5
      md5: d9ea67ae6d92b986d15f0ec36ad23d94
      size: 905
    outs:
    - path: artifacts/data_ingestion/chicken-fecal-images
      hash: md5
      md5: 542594fb7a1772ef9d962f5cd7d39faa.dir
      size: 293906097
      nfiles: 8067
  data_sorting:
    cmd: python src/cnnClassifier/pipeline/stage_01_2_data_sorting.py
    deps:
    - path: config/config.yaml
      hash: md5
      md5: 5345f6836d423c9a8c64e0345ee13002
      size: 2415
    - path: src/cnnClassifier/pipeline/stage_01_2_data_sorting.py
      hash: md5
      md5: c56b5ab5b5f86e8b56d094afa1e6bb87
      size: 1253
  prepare_base_model:
    cmd: python src/cnnClassifier/pipeline/stage_02_prepare_base_model.py
    deps:
    - path: config/config.yaml
      hash: md5
      md5: 5345f6836d423c9a8c64e0345ee13002
      size: 2415
    - path: src/cnnClassifier/pipeline/stage_02_prepare_base_model.py
      hash: md5
      md5: 634d0e0ec92751ebeeb2174169dee347
      size: 913
    params:
      params.yaml:
        CLASSES: 4
        IMAGE_SIZE:
        - 224
        - 224
        - 3
        INCLUDE_TOP: false
        LEARNING_RATE: 0.01
        WEIGHTS: imagenet
    outs:
    - path: artifacts/prepare_base_model
      hash: md5
      md5: 4218e3f363af75c3b8f00e4ad12d3ff7.dir
      size: 118259952
      nfiles: 2
  training:
    cmd: python src/cnnClassifier/pipeline/stage_03_training.py
    deps:
    - path: artifacts/data_ingestion/Chicken-fecal-images
      hash: md5
      md5: 6ac7bd4982dab0cb7f1eba4f534c0338.dir
      size: 293906097
      nfiles: 8067
    - path: artifacts/prepare_base_model
      hash: md5
      md5: 4218e3f363af75c3b8f00e4ad12d3ff7.dir
      size: 118259952
      nfiles: 2
    - path: config/config.yaml
      hash: md5
      md5: 5345f6836d423c9a8c64e0345ee13002
      size: 2415
    - path: src/cnnClassifier/components/prepare_callbacks.py
      hash: md5
      md5: 75081aea7e5ee88627170df14023b03e
      size: 997
    - path: src/cnnClassifier/pipeline/stage_03_training.py
      hash: md5
      md5: 17e3ac2ccae4fec14adb055d9229316b
      size: 1160
    params:
      params.yaml:
        AUGMENTATION: true
        BATCH_SIZE: 16
        EPOCHS: 10
        IMAGE_SIZE:
        - 224
        - 224
        - 3
    outs:
    - path: artifacts/training/model.h5
      hash: md5
      md5: a7ee78e601ff286d42246723bc4b0420
      size: 59742128
  evaluation:
    cmd: python src/cnnClassifier/pipeline/stage_04_evaluation.py
    deps:
    - path: artifacts/data_ingestion/Chicken-fecal-images
      hash: md5
      md5: 6ac7bd4982dab0cb7f1eba4f534c0338.dir
      size: 293906097
      nfiles: 8067
    - path: artifacts/training/model.h5
      hash: md5
      md5: a7ee78e601ff286d42246723bc4b0420
      size: 59742128
    - path: config/config.yaml
      hash: md5
      md5: 5345f6836d423c9a8c64e0345ee13002
      size: 2415
    - path: src/cnnClassifier/pipeline/stage_04_evaluation.py
      hash: md5
      md5: 0e27ab093c351b39148d3282020c6bdb
      size: 863
    params:
      params.yaml:
        BATCH_SIZE: 16
        IMAGE_SIZE:
        - 224
        - 224
        - 3
    outs:
    - path: scores.json
      hash: md5
      md5: 03998969f297a09235422ddcc95477df
      size: 73
